{
  "pins" : [
    {
      "identity" : "vrchatapi-swift",
      "kind" : "remoteSourceControl",
      "location" : "https://github.com/watanabexia/vrchatapi-swift",
      "state" : {
        "branch" : "main",
        "revision" : "6525fb1126f19d9ba2ad9f83ef76f392c63afc8a"
      }
    }
  ],
  "version" : 2
}
