{
  "pins" : [
    {
      "identity" : "vrchatapi-swift",
      "kind" : "remoteSourceControl",
      "location" : "https://github.com/watanabexia/vrchatapi-swift",
      "state" : {
        "branch" : "main",
        "revision" : "1280221db1c5a892ccbb3ce40d95b4c168e750a6"
      }
    }
  ],
  "version" : 2
}
