// !$*UTF8*$!
{
	archiveVersion = 1;
	classes = {
	};
	objectVersion = 56;
	objects = {

/* Begin PBXBuildFile section */
		23FEB13329A85A9E00EFE656 /* WorldModel.swift in Sources */ = {isa = PBXBuildFile; fileRef = 23FEB13229A85A9E00EFE656 /* WorldModel.swift */; };
		23FEB13529A863C900EFE656 /* WorldDetailView.swift in Sources */ = {isa = PBXBuildFile; fileRef = 23FEB13429A863C900EFE656 /* WorldDetailView.swift */; };
		23FEB13729A866BD00EFE656 /* WorldTabView.swift in Sources */ = {isa = PBXBuildFile; fileRef = 23FEB13629A866BD00EFE656 /* WorldTabView.swift */; };
		23FEB13929A868F600EFE656 /* SearchBarView.swift in Sources */ = {isa = PBXBuildFile; fileRef = 23FEB13829A868F600EFE656 /* SearchBarView.swift */; };
		23FEB13B29B2161200EFE656 /* AvatarTabView.swift in Sources */ = {isa = PBXBuildFile; fileRef = 23FEB13A29B2161200EFE656 /* AvatarTabView.swift */; };
		23FEB13D29B218C500EFE656 /* AvatarModel.swift in Sources */ = {isa = PBXBuildFile; fileRef = 23FEB13C29B218C500EFE656 /* AvatarModel.swift */; };
		23FEB13F29B21E6200EFE656 /* AvatarDetailView.swift in Sources */ = {isa = PBXBuildFile; fileRef = 23FEB13E29B21E6200EFE656 /* AvatarDetailView.swift */; };
		F7191A8229A6CA900033ED57 /* VRChatClient.swift in Sources */ = {isa = PBXBuildFile; fileRef = F7191A8129A6CA900033ED57 /* VRChatClient.swift */; };
		F7191A8429A70DD50033ED57 /* SettingTabView.swift in Sources */ = {isa = PBXBuildFile; fileRef = F7191A8329A70DD50033ED57 /* SettingTabView.swift */; };
		F7191A8629A71EDD0033ED57 /* FriendTabView.swift in Sources */ = {isa = PBXBuildFile; fileRef = F7191A8529A71EDD0033ED57 /* FriendTabView.swift */; };
		F727159229A84FEB00477F66 /* (null) in Resources */ = {isa = PBXBuildFile; };
		F727159629A8581700477F66 /* UserPreview.json in Resources */ = {isa = PBXBuildFile; fileRef = F727159529A8581700477F66 /* UserPreview.json */; };
		F76A452729A336340078C19D /* NavigationView.swift in Sources */ = {isa = PBXBuildFile; fileRef = F76A452629A336340078C19D /* NavigationView.swift */; };
		F76A452929A33AA40078C19D /* ProfileTabView.swift in Sources */ = {isa = PBXBuildFile; fileRef = F76A452829A33AA40078C19D /* ProfileTabView.swift */; };
		F7736A702A1C70C000472E08 /* LanguageModel.swift in Sources */ = {isa = PBXBuildFile; fileRef = F7736A6F2A1C70C000472E08 /* LanguageModel.swift */; };
		F77578BB29A9422D00200DC9 /* WorldPreview.json in Resources */ = {isa = PBXBuildFile; fileRef = F77578BA29A9422D00200DC9 /* WorldPreview.json */; };
		F77578BD29A9447900200DC9 /* InstancePreview.json in Resources */ = {isa = PBXBuildFile; fileRef = F77578BC29A9447800200DC9 /* InstancePreview.json */; };
		F77578C229A94C6400200DC9 /* FriendModel.swift in Sources */ = {isa = PBXBuildFile; fileRef = F77578C129A94C6400200DC9 /* FriendModel.swift */; };
		F792148529A9854900B98105 /* UserDetailView.swift in Sources */ = {isa = PBXBuildFile; fileRef = F792148429A9854900B98105 /* UserDetailView.swift */; };
		F7BB1F43299EDD6200AA12F7 /* VRChat_TrackerApp.swift in Sources */ = {isa = PBXBuildFile; fileRef = F7BB1F42299EDD6200AA12F7 /* VRChat_TrackerApp.swift */; };
		F7BB1F45299EDD6200AA12F7 /* LoginView.swift in Sources */ = {isa = PBXBuildFile; fileRef = F7BB1F44299EDD6200AA12F7 /* LoginView.swift */; };
		F7BB1F47299EDD6300AA12F7 /* Assets.xcassets in Resources */ = {isa = PBXBuildFile; fileRef = F7BB1F46299EDD6300AA12F7 /* Assets.xcassets */; };
		F7BB1F4B299EDD6300AA12F7 /* Preview Assets.xcassets in Resources */ = {isa = PBXBuildFile; fileRef = F7BB1F4A299EDD6300AA12F7 /* Preview Assets.xcassets */; };
		F7C4ED0E299F3CDA00CC6F83 /* SwiftVRChatAPI in Frameworks */ = {isa = PBXBuildFile; productRef = F7C4ED0D299F3CDA00CC6F83 /* SwiftVRChatAPI */; };
		F7DAD3F02A1DBB3E0002C647 /* LoadingView.swift in Sources */ = {isa = PBXBuildFile; fileRef = F7DAD3EF2A1DBB3E0002C647 /* LoadingView.swift */; };
		F7DAD3F22A1DD0C90002C647 /* BioLinkView.swift in Sources */ = {isa = PBXBuildFile; fileRef = F7DAD3F12A1DD0C90002C647 /* BioLinkView.swift */; };
		F7E31C452A202159001B77E5 /* EnvironmentKeys.swift in Sources */ = {isa = PBXBuildFile; fileRef = F7E31C442A202159001B77E5 /* EnvironmentKeys.swift */; };
		F7EE997B29A88C93009BBC98 /* UserView.swift in Sources */ = {isa = PBXBuildFile; fileRef = F7EE997A29A88C93009BBC98 /* UserView.swift */; };
		F7EE998929A92049009BBC98 /* PreviewData.swift in Sources */ = {isa = PBXBuildFile; fileRef = F7EE998729A92049009BBC98 /* PreviewData.swift */; };
		F7EE998A29A92049009BBC98 /* FriendUserPreview.json in Resources */ = {isa = PBXBuildFile; fileRef = F7EE998829A92049009BBC98 /* FriendUserPreview.json */; };
/* End PBXBuildFile section */

/* Begin PBXFileReference section */
		23FEB13229A85A9E00EFE656 /* WorldModel.swift */ = {isa = PBXFileReference; lastKnownFileType = sourcecode.swift; path = WorldModel.swift; sourceTree = "<group>"; };
		23FEB13429A863C900EFE656 /* WorldDetailView.swift */ = {isa = PBXFileReference; lastKnownFileType = sourcecode.swift; path = WorldDetailView.swift; sourceTree = "<group>"; };
		23FEB13629A866BD00EFE656 /* WorldTabView.swift */ = {isa = PBXFileReference; lastKnownFileType = sourcecode.swift; path = WorldTabView.swift; sourceTree = "<group>"; };
		23FEB13829A868F600EFE656 /* SearchBarView.swift */ = {isa = PBXFileReference; lastKnownFileType = sourcecode.swift; path = SearchBarView.swift; sourceTree = "<group>"; };
		23FEB13A29B2161200EFE656 /* AvatarTabView.swift */ = {isa = PBXFileReference; lastKnownFileType = sourcecode.swift; path = AvatarTabView.swift; sourceTree = "<group>"; };
		23FEB13C29B218C500EFE656 /* AvatarModel.swift */ = {isa = PBXFileReference; lastKnownFileType = sourcecode.swift; path = AvatarModel.swift; sourceTree = "<group>"; };
		23FEB13E29B21E6200EFE656 /* AvatarDetailView.swift */ = {isa = PBXFileReference; lastKnownFileType = sourcecode.swift; path = AvatarDetailView.swift; sourceTree = "<group>"; };
		F7191A8129A6CA900033ED57 /* VRChatClient.swift */ = {isa = PBXFileReference; lastKnownFileType = sourcecode.swift; path = VRChatClient.swift; sourceTree = "<group>"; };
		F7191A8329A70DD50033ED57 /* SettingTabView.swift */ = {isa = PBXFileReference; lastKnownFileType = sourcecode.swift; path = SettingTabView.swift; sourceTree = "<group>"; };
		F7191A8529A71EDD0033ED57 /* FriendTabView.swift */ = {isa = PBXFileReference; lastKnownFileType = sourcecode.swift; path = FriendTabView.swift; sourceTree = "<group>"; };
		F727159529A8581700477F66 /* UserPreview.json */ = {isa = PBXFileReference; fileEncoding = 4; lastKnownFileType = text.json; path = UserPreview.json; sourceTree = "<group>"; };
		F76A452629A336340078C19D /* NavigationView.swift */ = {isa = PBXFileReference; lastKnownFileType = sourcecode.swift; path = NavigationView.swift; sourceTree = "<group>"; };
		F76A452829A33AA40078C19D /* ProfileTabView.swift */ = {isa = PBXFileReference; lastKnownFileType = sourcecode.swift; path = ProfileTabView.swift; sourceTree = "<group>"; };
		F7736A6F2A1C70C000472E08 /* LanguageModel.swift */ = {isa = PBXFileReference; lastKnownFileType = sourcecode.swift; path = LanguageModel.swift; sourceTree = "<group>"; };
		F77578BA29A9422D00200DC9 /* WorldPreview.json */ = {isa = PBXFileReference; fileEncoding = 4; lastKnownFileType = text.json; path = WorldPreview.json; sourceTree = "<group>"; };
		F77578BC29A9447800200DC9 /* InstancePreview.json */ = {isa = PBXFileReference; fileEncoding = 4; lastKnownFileType = text.json; path = InstancePreview.json; sourceTree = "<group>"; };
		F77578C129A94C6400200DC9 /* FriendModel.swift */ = {isa = PBXFileReference; lastKnownFileType = sourcecode.swift; path = FriendModel.swift; sourceTree = "<group>"; };
		F792148429A9854900B98105 /* UserDetailView.swift */ = {isa = PBXFileReference; lastKnownFileType = sourcecode.swift; path = UserDetailView.swift; sourceTree = "<group>"; };
		F792148629A9A85800B98105 /* VRChat-Tracker-Info.plist */ = {isa = PBXFileReference; lastKnownFileType = text.plist; path = "VRChat-Tracker-Info.plist"; sourceTree = SOURCE_ROOT; };
		F7BB1F3F299EDD6200AA12F7 /* VRChat Tracker.app */ = {isa = PBXFileReference; explicitFileType = wrapper.application; includeInIndex = 0; path = "VRChat Tracker.app"; sourceTree = BUILT_PRODUCTS_DIR; };
		F7BB1F42299EDD6200AA12F7 /* VRChat_TrackerApp.swift */ = {isa = PBXFileReference; lastKnownFileType = sourcecode.swift; path = VRChat_TrackerApp.swift; sourceTree = "<group>"; };
		F7BB1F44299EDD6200AA12F7 /* LoginView.swift */ = {isa = PBXFileReference; lastKnownFileType = sourcecode.swift; path = LoginView.swift; sourceTree = "<group>"; };
		F7BB1F46299EDD6300AA12F7 /* Assets.xcassets */ = {isa = PBXFileReference; lastKnownFileType = folder.assetcatalog; path = Assets.xcassets; sourceTree = "<group>"; };
		F7BB1F48299EDD6300AA12F7 /* VRChat_Tracker.entitlements */ = {isa = PBXFileReference; lastKnownFileType = text.plist.entitlements; path = VRChat_Tracker.entitlements; sourceTree = "<group>"; };
		F7BB1F4A299EDD6300AA12F7 /* Preview Assets.xcassets */ = {isa = PBXFileReference; lastKnownFileType = folder.assetcatalog; path = "Preview Assets.xcassets"; sourceTree = "<group>"; };
		F7DAD3EF2A1DBB3E0002C647 /* LoadingView.swift */ = {isa = PBXFileReference; lastKnownFileType = sourcecode.swift; path = LoadingView.swift; sourceTree = "<group>"; };
		F7DAD3F12A1DD0C90002C647 /* BioLinkView.swift */ = {isa = PBXFileReference; lastKnownFileType = sourcecode.swift; path = BioLinkView.swift; sourceTree = "<group>"; };
		F7E31C442A202159001B77E5 /* EnvironmentKeys.swift */ = {isa = PBXFileReference; lastKnownFileType = sourcecode.swift; path = EnvironmentKeys.swift; sourceTree = "<group>"; };
		F7EE997A29A88C93009BBC98 /* UserView.swift */ = {isa = PBXFileReference; lastKnownFileType = sourcecode.swift; path = UserView.swift; sourceTree = "<group>"; };
		F7EE998729A92049009BBC98 /* PreviewData.swift */ = {isa = PBXFileReference; fileEncoding = 4; lastKnownFileType = sourcecode.swift; path = PreviewData.swift; sourceTree = "<group>"; };
		F7EE998829A92049009BBC98 /* FriendUserPreview.json */ = {isa = PBXFileReference; fileEncoding = 4; lastKnownFileType = text.json; path = FriendUserPreview.json; sourceTree = "<group>"; };
/* End PBXFileReference section */

/* Begin PBXFrameworksBuildPhase section */
		F7BB1F3C299EDD6200AA12F7 /* Frameworks */ = {
			isa = PBXFrameworksBuildPhase;
			buildActionMask = 2147483647;
			files = (
				F7C4ED0E299F3CDA00CC6F83 /* SwiftVRChatAPI in Frameworks */,
			);
			runOnlyForDeploymentPostprocessing = 0;
		};
/* End PBXFrameworksBuildPhase section */

/* Begin PBXGroup section */
		23FEB14029B21E6C00EFE656 /* Avatar */ = {
			isa = PBXGroup;
			children = (
				23FEB13A29B2161200EFE656 /* AvatarTabView.swift */,
				23FEB13E29B21E6200EFE656 /* AvatarDetailView.swift */,
			);
			path = Avatar;
			sourceTree = "<group>";
		};
		F77578B829A9234B00200DC9 /* World */ = {
			isa = PBXGroup;
			children = (
				23FEB13629A866BD00EFE656 /* WorldTabView.swift */,
				23FEB13429A863C900EFE656 /* WorldDetailView.swift */,
			);
			path = World;
			sourceTree = "<group>";
		};
		F77578BE29A9450A00200DC9 /* User */ = {
			isa = PBXGroup;
			children = (
				F76A452829A33AA40078C19D /* ProfileTabView.swift */,
				F7EE997A29A88C93009BBC98 /* UserView.swift */,
				F792148429A9854900B98105 /* UserDetailView.swift */,
			);
			path = User;
			sourceTree = "<group>";
		};
		F7BB1F36299EDD6200AA12F7 = {
			isa = PBXGroup;
			children = (
				F792148629A9A85800B98105 /* VRChat-Tracker-Info.plist */,
				F7BB1F41299EDD6200AA12F7 /* VRChat Tracker */,
				F7BB1F40299EDD6200AA12F7 /* Products */,
			);
			sourceTree = "<group>";
		};
		F7BB1F40299EDD6200AA12F7 /* Products */ = {
			isa = PBXGroup;
			children = (
				F7BB1F3F299EDD6200AA12F7 /* VRChat Tracker.app */,
			);
			name = Products;
			sourceTree = "<group>";
		};
		F7BB1F41299EDD6200AA12F7 /* VRChat Tracker */ = {
			isa = PBXGroup;
			children = (
				F7BB1F42299EDD6200AA12F7 /* VRChat_TrackerApp.swift */,
				F7BB1F51299EE4C900AA12F7 /* Views */,
				F7BB1F52299EE4CF00AA12F7 /* Models */,
				F7BB1F46299EDD6300AA12F7 /* Assets.xcassets */,
				F7BB1F48299EDD6300AA12F7 /* VRChat_Tracker.entitlements */,
				F7BB1F49299EDD6300AA12F7 /* Preview Content */,
			);
			path = "VRChat Tracker";
			sourceTree = "<group>";
		};
		F7BB1F49299EDD6300AA12F7 /* Preview Content */ = {
			isa = PBXGroup;
			children = (
				F7EE998729A92049009BBC98 /* PreviewData.swift */,
				F727159529A8581700477F66 /* UserPreview.json */,
				F7EE998829A92049009BBC98 /* FriendUserPreview.json */,
				F77578BA29A9422D00200DC9 /* WorldPreview.json */,
				F77578BC29A9447800200DC9 /* InstancePreview.json */,
				F7BB1F4A299EDD6300AA12F7 /* Preview Assets.xcassets */,
			);
			path = "Preview Content";
			sourceTree = "<group>";
		};
		F7BB1F51299EE4C900AA12F7 /* Views */ = {
			isa = PBXGroup;
			children = (
				F7BB1F44299EDD6200AA12F7 /* LoginView.swift */,
				F76A452629A336340078C19D /* NavigationView.swift */,
				23FEB14029B21E6C00EFE656 /* Avatar */,
				F77578B829A9234B00200DC9 /* World */,
				F77578BE29A9450A00200DC9 /* User */,
				F7191A8529A71EDD0033ED57 /* FriendTabView.swift */,
				23FEB13829A868F600EFE656 /* SearchBarView.swift */,
				F7191A8329A70DD50033ED57 /* SettingTabView.swift */,
				F7DAD3EF2A1DBB3E0002C647 /* LoadingView.swift */,
				F7DAD3F12A1DD0C90002C647 /* BioLinkView.swift */,
			);
			path = Views;
			sourceTree = "<group>";
		};
		F7BB1F52299EE4CF00AA12F7 /* Models */ = {
			isa = PBXGroup;
			children = (
				F7191A8129A6CA900033ED57 /* VRChatClient.swift */,
				23FEB13229A85A9E00EFE656 /* WorldModel.swift */,
				23FEB13C29B218C500EFE656 /* AvatarModel.swift */,
				F77578C129A94C6400200DC9 /* FriendModel.swift */,
				F7736A6F2A1C70C000472E08 /* LanguageModel.swift */,
				F7E31C442A202159001B77E5 /* EnvironmentKeys.swift */,
			);
			path = Models;
			sourceTree = "<group>";
		};
/* End PBXGroup section */

/* Begin PBXNativeTarget section */
		F7BB1F3E299EDD6200AA12F7 /* VRChat Tracker */ = {
			isa = PBXNativeTarget;
			buildConfigurationList = F7BB1F4E299EDD6300AA12F7 /* Build configuration list for PBXNativeTarget "VRChat Tracker" */;
			buildPhases = (
				F7BB1F3B299EDD6200AA12F7 /* Sources */,
				F7BB1F3C299EDD6200AA12F7 /* Frameworks */,
				F7BB1F3D299EDD6200AA12F7 /* Resources */,
			);
			buildRules = (
			);
			dependencies = (
			);
			name = "VRChat Tracker";
			packageProductDependencies = (
				F7C4ED0D299F3CDA00CC6F83 /* SwiftVRChatAPI */,
			);
			productName = "VRChat Tracker";
			productReference = F7BB1F3F299EDD6200AA12F7 /* VRChat Tracker.app */;
			productType = "com.apple.product-type.application";
		};
/* End PBXNativeTarget section */

/* Begin PBXProject section */
		F7BB1F37299EDD6200AA12F7 /* Project object */ = {
			isa = PBXProject;
			attributes = {
				BuildIndependentTargetsInParallel = 1;
				LastSwiftUpdateCheck = 1420;
				LastUpgradeCheck = 1420;
				TargetAttributes = {
					F7BB1F3E299EDD6200AA12F7 = {
						CreatedOnToolsVersion = 14.2;
					};
				};
			};
			buildConfigurationList = F7BB1F3A299EDD6200AA12F7 /* Build configuration list for PBXProject "VRChat Tracker" */;
			compatibilityVersion = "Xcode 14.0";
			developmentRegion = en;
			hasScannedForEncodings = 0;
			knownRegions = (
				en,
				Base,
			);
			mainGroup = F7BB1F36299EDD6200AA12F7;
			packageReferences = (
				F7C4ED0C299F3CDA00CC6F83 /* XCRemoteSwiftPackageReference "vrchatapi-swift" */,
			);
			productRefGroup = F7BB1F40299EDD6200AA12F7 /* Products */;
			projectDirPath = "";
			projectRoot = "";
			targets = (
				F7BB1F3E299EDD6200AA12F7 /* VRChat Tracker */,
			);
		};
/* End PBXProject section */

/* Begin PBXResourcesBuildPhase section */
		F7BB1F3D299EDD6200AA12F7 /* Resources */ = {
			isa = PBXResourcesBuildPhase;
			buildActionMask = 2147483647;
			files = (
				F727159629A8581700477F66 /* UserPreview.json in Resources */,
				F77578BD29A9447900200DC9 /* InstancePreview.json in Resources */,
				F7BB1F4B299EDD6300AA12F7 /* Preview Assets.xcassets in Resources */,
				F727159229A84FEB00477F66 /* (null) in Resources */,
				F77578BB29A9422D00200DC9 /* WorldPreview.json in Resources */,
				F7EE998A29A92049009BBC98 /* FriendUserPreview.json in Resources */,
				F7BB1F47299EDD6300AA12F7 /* Assets.xcassets in Resources */,
			);
			runOnlyForDeploymentPostprocessing = 0;
		};
/* End PBXResourcesBuildPhase section */

/* Begin PBXSourcesBuildPhase section */
		F7BB1F3B299EDD6200AA12F7 /* Sources */ = {
			isa = PBXSourcesBuildPhase;
			buildActionMask = 2147483647;
			files = (
				F7BB1F45299EDD6200AA12F7 /* LoginView.swift in Sources */,
				F7E31C452A202159001B77E5 /* EnvironmentKeys.swift in Sources */,
				F77578C229A94C6400200DC9 /* FriendModel.swift in Sources */,
				23FEB13D29B218C500EFE656 /* AvatarModel.swift in Sources */,
				23FEB13529A863C900EFE656 /* WorldDetailView.swift in Sources */,
				F76A452729A336340078C19D /* NavigationView.swift in Sources */,
				23FEB13929A868F600EFE656 /* SearchBarView.swift in Sources */,
				F7191A8229A6CA900033ED57 /* VRChatClient.swift in Sources */,
				23FEB13329A85A9E00EFE656 /* WorldModel.swift in Sources */,
				F7736A702A1C70C000472E08 /* LanguageModel.swift in Sources */,
				F7DAD3F22A1DD0C90002C647 /* BioLinkView.swift in Sources */,
				23FEB13729A866BD00EFE656 /* WorldTabView.swift in Sources */,
				F7191A8629A71EDD0033ED57 /* FriendTabView.swift in Sources */,
				F76A452929A33AA40078C19D /* ProfileTabView.swift in Sources */,
				F7EE998929A92049009BBC98 /* PreviewData.swift in Sources */,
				F7DAD3F02A1DBB3E0002C647 /* LoadingView.swift in Sources */,
				F7BB1F43299EDD6200AA12F7 /* VRChat_TrackerApp.swift in Sources */,
				F7EE997B29A88C93009BBC98 /* UserView.swift in Sources */,
				F792148529A9854900B98105 /* UserDetailView.swift in Sources */,
				23FEB13F29B21E6200EFE656 /* AvatarDetailView.swift in Sources */,
				23FEB13B29B2161200EFE656 /* AvatarTabView.swift in Sources */,
				F7191A8429A70DD50033ED57 /* SettingTabView.swift in Sources */,
			);
			runOnlyForDeploymentPostprocessing = 0;
		};
/* End PBXSourcesBuildPhase section */

/* Begin XCBuildConfiguration section */
		F7BB1F4C299EDD6300AA12F7 /* Debug */ = {
			isa = XCBuildConfiguration;
			buildSettings = {
				ALWAYS_SEARCH_USER_PATHS = NO;
				CLANG_ANALYZER_NONNULL = YES;
				CLANG_ANALYZER_NUMBER_OBJECT_CONVERSION = YES_AGGRESSIVE;
				CLANG_CXX_LANGUAGE_STANDARD = "gnu++20";
				CLANG_ENABLE_MODULES = YES;
				CLANG_ENABLE_OBJC_ARC = YES;
				CLANG_ENABLE_OBJC_WEAK = YES;
				CLANG_WARN_BLOCK_CAPTURE_AUTORELEASING = YES;
				CLANG_WARN_BOOL_CONVERSION = YES;
				CLANG_WARN_COMMA = YES;
				CLANG_WARN_CONSTANT_CONVERSION = YES;
				CLANG_WARN_DEPRECATED_OBJC_IMPLEMENTATIONS = YES;
				CLANG_WARN_DIRECT_OBJC_ISA_USAGE = YES_ERROR;
				CLANG_WARN_DOCUMENTATION_COMMENTS = YES;
				CLANG_WARN_EMPTY_BODY = YES;
				CLANG_WARN_ENUM_CONVERSION = YES;
				CLANG_WARN_INFINITE_RECURSION = YES;
				CLANG_WARN_INT_CONVERSION = YES;
				CLANG_WARN_NON_LITERAL_NULL_CONVERSION = YES;
				CLANG_WARN_OBJC_IMPLICIT_RETAIN_SELF = YES;
				CLANG_WARN_OBJC_LITERAL_CONVERSION = YES;
				CLANG_WARN_OBJC_ROOT_CLASS = YES_ERROR;
				CLANG_WARN_QUOTED_INCLUDE_IN_FRAMEWORK_HEADER = YES;
				CLANG_WARN_RANGE_LOOP_ANALYSIS = YES;
				CLANG_WARN_STRICT_PROTOTYPES = YES;
				CLANG_WARN_SUSPICIOUS_MOVE = YES;
				CLANG_WARN_UNGUARDED_AVAILABILITY = YES_AGGRESSIVE;
				CLANG_WARN_UNREACHABLE_CODE = YES;
				CLANG_WARN__DUPLICATE_METHOD_MATCH = YES;
				COPY_PHASE_STRIP = NO;
				DEBUG_INFORMATION_FORMAT = dwarf;
				ENABLE_STRICT_OBJC_MSGSEND = YES;
				ENABLE_TESTABILITY = YES;
				GCC_C_LANGUAGE_STANDARD = gnu11;
				GCC_DYNAMIC_NO_PIC = NO;
				GCC_NO_COMMON_BLOCKS = YES;
				GCC_OPTIMIZATION_LEVEL = 0;
				GCC_PREPROCESSOR_DEFINITIONS = (
					"DEBUG=1",
					"$(inherited)",
				);
				GCC_WARN_64_TO_32_BIT_CONVERSION = YES;
				GCC_WARN_ABOUT_RETURN_TYPE = YES_ERROR;
				GCC_WARN_UNDECLARED_SELECTOR = YES;
				GCC_WARN_UNINITIALIZED_AUTOS = YES_AGGRESSIVE;
				GCC_WARN_UNUSED_FUNCTION = YES;
				GCC_WARN_UNUSED_VARIABLE = YES;
				MTL_ENABLE_DEBUG_INFO = INCLUDE_SOURCE;
				MTL_FAST_MATH = YES;
				ONLY_ACTIVE_ARCH = YES;
				SWIFT_ACTIVE_COMPILATION_CONDITIONS = DEBUG;
				SWIFT_OPTIMIZATION_LEVEL = "-Onone";
			};
			name = Debug;
		};
		F7BB1F4D299EDD6300AA12F7 /* Release */ = {
			isa = XCBuildConfiguration;
			buildSettings = {
				ALWAYS_SEARCH_USER_PATHS = NO;
				CLANG_ANALYZER_NONNULL = YES;
				CLANG_ANALYZER_NUMBER_OBJECT_CONVERSION = YES_AGGRESSIVE;
				CLANG_CXX_LANGUAGE_STANDARD = "gnu++20";
				CLANG_ENABLE_MODULES = YES;
				CLANG_ENABLE_OBJC_ARC = YES;
				CLANG_ENABLE_OBJC_WEAK = YES;
				CLANG_WARN_BLOCK_CAPTURE_AUTORELEASING = YES;
				CLANG_WARN_BOOL_CONVERSION = YES;
				CLANG_WARN_COMMA = YES;
				CLANG_WARN_CONSTANT_CONVERSION = YES;
				CLANG_WARN_DEPRECATED_OBJC_IMPLEMENTATIONS = YES;
				CLANG_WARN_DIRECT_OBJC_ISA_USAGE = YES_ERROR;
				CLANG_WARN_DOCUMENTATION_COMMENTS = YES;
				CLANG_WARN_EMPTY_BODY = YES;
				CLANG_WARN_ENUM_CONVERSION = YES;
				CLANG_WARN_INFINITE_RECURSION = YES;
				CLANG_WARN_INT_CONVERSION = YES;
				CLANG_WARN_NON_LITERAL_NULL_CONVERSION = YES;
				CLANG_WARN_OBJC_IMPLICIT_RETAIN_SELF = YES;
				CLANG_WARN_OBJC_LITERAL_CONVERSION = YES;
				CLANG_WARN_OBJC_ROOT_CLASS = YES_ERROR;
				CLANG_WARN_QUOTED_INCLUDE_IN_FRAMEWORK_HEADER = YES;
				CLANG_WARN_RANGE_LOOP_ANALYSIS = YES;
				CLANG_WARN_STRICT_PROTOTYPES = YES;
				CLANG_WARN_SUSPICIOUS_MOVE = YES;
				CLANG_WARN_UNGUARDED_AVAILABILITY = YES_AGGRESSIVE;
				CLANG_WARN_UNREACHABLE_CODE = YES;
				CLANG_WARN__DUPLICATE_METHOD_MATCH = YES;
				COPY_PHASE_STRIP = NO;
				DEBUG_INFORMATION_FORMAT = "dwarf-with-dsym";
				ENABLE_NS_ASSERTIONS = NO;
				ENABLE_STRICT_OBJC_MSGSEND = YES;
				GCC_C_LANGUAGE_STANDARD = gnu11;
				GCC_NO_COMMON_BLOCKS = YES;
				GCC_WARN_64_TO_32_BIT_CONVERSION = YES;
				GCC_WARN_ABOUT_RETURN_TYPE = YES_ERROR;
				GCC_WARN_UNDECLARED_SELECTOR = YES;
				GCC_WARN_UNINITIALIZED_AUTOS = YES_AGGRESSIVE;
				GCC_WARN_UNUSED_FUNCTION = YES;
				GCC_WARN_UNUSED_VARIABLE = YES;
				MTL_ENABLE_DEBUG_INFO = NO;
				MTL_FAST_MATH = YES;
				SWIFT_COMPILATION_MODE = wholemodule;
				SWIFT_OPTIMIZATION_LEVEL = "-O";
			};
			name = Release;
		};
		F7BB1F4F299EDD6300AA12F7 /* Debug */ = {
			isa = XCBuildConfiguration;
			buildSettings = {
				ASSETCATALOG_COMPILER_APPICON_NAME = AppIcon;
				ASSETCATALOG_COMPILER_GLOBAL_ACCENT_COLOR_NAME = AccentColor;
				CODE_SIGN_ENTITLEMENTS = "VRChat Tracker/VRChat_Tracker.entitlements";
				CODE_SIGN_STYLE = Automatic;
				CURRENT_PROJECT_VERSION = 1;
				DEVELOPMENT_ASSET_PATHS = "\"VRChat Tracker/Preview Content\"";
				DEVELOPMENT_TEAM = A7HL64F7MB;
				ENABLE_HARDENED_RUNTIME = YES;
				ENABLE_PREVIEWS = YES;
				GENERATE_INFOPLIST_FILE = YES;
				INFOPLIST_FILE = "VRChat-Tracker-Info.plist";
				INFOPLIST_KEY_UIApplicationSceneManifest_Generation = YES;
				"INFOPLIST_KEY_UIApplicationSceneManifest_Generation[sdk=iphoneos*]" = YES;
				"INFOPLIST_KEY_UIApplicationSceneManifest_Generation[sdk=iphonesimulator*]" = YES;
				INFOPLIST_KEY_UIApplicationSupportsIndirectInputEvents = YES;
				"INFOPLIST_KEY_UIApplicationSupportsIndirectInputEvents[sdk=iphoneos*]" = YES;
				"INFOPLIST_KEY_UIApplicationSupportsIndirectInputEvents[sdk=iphonesimulator*]" = YES;
				INFOPLIST_KEY_UILaunchScreen_Generation = YES;
				"INFOPLIST_KEY_UILaunchScreen_Generation[sdk=iphoneos*]" = YES;
				"INFOPLIST_KEY_UILaunchScreen_Generation[sdk=iphonesimulator*]" = YES;
				INFOPLIST_KEY_UIStatusBarStyle = UIStatusBarStyleDefault;
				"INFOPLIST_KEY_UIStatusBarStyle[sdk=iphoneos*]" = UIStatusBarStyleDefault;
				"INFOPLIST_KEY_UIStatusBarStyle[sdk=iphonesimulator*]" = UIStatusBarStyleDefault;
				INFOPLIST_KEY_UISupportedInterfaceOrientations_iPad = "UIInterfaceOrientationPortrait UIInterfaceOrientationPortraitUpsideDown UIInterfaceOrientationLandscapeLeft UIInterfaceOrientationLandscapeRight";
				INFOPLIST_KEY_UISupportedInterfaceOrientations_iPhone = "UIInterfaceOrientationPortrait UIInterfaceOrientationLandscapeLeft UIInterfaceOrientationLandscapeRight";
				IPHONEOS_DEPLOYMENT_TARGET = 16.2;
				LD_RUNPATH_SEARCH_PATHS = "@executable_path/Frameworks";
				"LD_RUNPATH_SEARCH_PATHS[sdk=macosx*]" = "@executable_path/../Frameworks";
				MACOSX_DEPLOYMENT_TARGET = 13.1;
				MARKETING_VERSION = "0.1-alpha";
				PRODUCT_BUNDLE_IDENTIFIER = "shigure.manufactures.VRChat-Tracker";
				PRODUCT_NAME = "$(TARGET_NAME)";
				SDKROOT = iphoneos;
				SUPPORTED_PLATFORMS = "iphoneos iphonesimulator macosx";
				SUPPORTS_MACCATALYST = NO;
				SUPPORTS_MAC_DESIGNED_FOR_IPHONE_IPAD = NO;
				SWIFT_EMIT_LOC_STRINGS = YES;
				SWIFT_VERSION = 5.0;
				TARGETED_DEVICE_FAMILY = "1,2";
			};
			name = Debug;
		};
		F7BB1F50299EDD6300AA12F7 /* Release */ = {
			isa = XCBuildConfiguration;
			buildSettings = {
				ASSETCATALOG_COMPILER_APPICON_NAME = AppIcon;
				ASSETCATALOG_COMPILER_GLOBAL_ACCENT_COLOR_NAME = AccentColor;
				CODE_SIGN_ENTITLEMENTS = "VRChat Tracker/VRChat_Tracker.entitlements";
				CODE_SIGN_STYLE = Automatic;
				CURRENT_PROJECT_VERSION = 1;
				DEVELOPMENT_ASSET_PATHS = "\"VRChat Tracker/Preview Content\"";
				DEVELOPMENT_TEAM = A7HL64F7MB;
				ENABLE_HARDENED_RUNTIME = YES;
				ENABLE_PREVIEWS = YES;
				GENERATE_INFOPLIST_FILE = YES;
				INFOPLIST_FILE = "VRChat-Tracker-Info.plist";
				INFOPLIST_KEY_UIApplicationSceneManifest_Generation = YES;
				"INFOPLIST_KEY_UIApplicationSceneManifest_Generation[sdk=iphoneos*]" = YES;
				"INFOPLIST_KEY_UIApplicationSceneManifest_Generation[sdk=iphonesimulator*]" = YES;
				INFOPLIST_KEY_UIApplicationSupportsIndirectInputEvents = YES;
				"INFOPLIST_KEY_UIApplicationSupportsIndirectInputEvents[sdk=iphoneos*]" = YES;
				"INFOPLIST_KEY_UIApplicationSupportsIndirectInputEvents[sdk=iphonesimulator*]" = YES;
				INFOPLIST_KEY_UILaunchScreen_Generation = YES;
				"INFOPLIST_KEY_UILaunchScreen_Generation[sdk=iphoneos*]" = YES;
				"INFOPLIST_KEY_UILaunchScreen_Generation[sdk=iphonesimulator*]" = YES;
				INFOPLIST_KEY_UIStatusBarStyle = UIStatusBarStyleDefault;
				"INFOPLIST_KEY_UIStatusBarStyle[sdk=iphoneos*]" = UIStatusBarStyleDefault;
				"INFOPLIST_KEY_UIStatusBarStyle[sdk=iphonesimulator*]" = UIStatusBarStyleDefault;
				INFOPLIST_KEY_UISupportedInterfaceOrientations_iPad = "UIInterfaceOrientationPortrait UIInterfaceOrientationPortraitUpsideDown UIInterfaceOrientationLandscapeLeft UIInterfaceOrientationLandscapeRight";
				INFOPLIST_KEY_UISupportedInterfaceOrientations_iPhone = "UIInterfaceOrientationPortrait UIInterfaceOrientationLandscapeLeft UIInterfaceOrientationLandscapeRight";
				IPHONEOS_DEPLOYMENT_TARGET = 16.2;
				LD_RUNPATH_SEARCH_PATHS = "@executable_path/Frameworks";
				"LD_RUNPATH_SEARCH_PATHS[sdk=macosx*]" = "@executable_path/../Frameworks";
				MACOSX_DEPLOYMENT_TARGET = 13.1;
				MARKETING_VERSION = "0.1-alpha";
				PRODUCT_BUNDLE_IDENTIFIER = "shigure.manufactures.VRChat-Tracker";
				PRODUCT_NAME = "$(TARGET_NAME)";
				SDKROOT = iphoneos;
				SUPPORTED_PLATFORMS = "iphoneos iphonesimulator macosx";
				SUPPORTS_MACCATALYST = NO;
				SUPPORTS_MAC_DESIGNED_FOR_IPHONE_IPAD = NO;
				SWIFT_EMIT_LOC_STRINGS = YES;
				SWIFT_VERSION = 5.0;
				TARGETED_DEVICE_FAMILY = "1,2";
			};
			name = Release;
		};
/* End XCBuildConfiguration section */

/* Begin XCConfigurationList section */
		F7BB1F3A299EDD6200AA12F7 /* Build configuration list for PBXProject "VRChat Tracker" */ = {
			isa = XCConfigurationList;
			buildConfigurations = (
				F7BB1F4C299EDD6300AA12F7 /* Debug */,
				F7BB1F4D299EDD6300AA12F7 /* Release */,
			);
			defaultConfigurationIsVisible = 0;
			defaultConfigurationName = Release;
		};
		F7BB1F4E299EDD6300AA12F7 /* Build configuration list for PBXNativeTarget "VRChat Tracker" */ = {
			isa = XCConfigurationList;
			buildConfigurations = (
				F7BB1F4F299EDD6300AA12F7 /* Debug */,
				F7BB1F50299EDD6300AA12F7 /* Release */,
			);
			defaultConfigurationIsVisible = 0;
			defaultConfigurationName = Release;
		};
/* End XCConfigurationList section */

/* Begin XCRemoteSwiftPackageReference section */
		F7C4ED0C299F3CDA00CC6F83 /* XCRemoteSwiftPackageReference "vrchatapi-swift" */ = {
			isa = XCRemoteSwiftPackageReference;
			repositoryURL = "https://github.com/watanabexia/vrchatapi-swift";
			requirement = {
				branch = "1.11.1-alpha";
				kind = branch;
			};
		};
/* End XCRemoteSwiftPackageReference section */

/* Begin XCSwiftPackageProductDependency section */
		F7C4ED0D299F3CDA00CC6F83 /* SwiftVRChatAPI */ = {
			isa = XCSwiftPackageProductDependency;
			package = F7C4ED0C299F3CDA00CC6F83 /* XCRemoteSwiftPackageReference "vrchatapi-swift" */;
			productName = SwiftVRChatAPI;
		};
/* End XCSwiftPackageProductDependency section */
	};
	rootObject = F7BB1F37299EDD6200AA12F7 /* Project object */;
}
